
Microsoft Visual Studio Solution File, Format Version 12.00
# Visual Studio Version 17
VisualStudioVersion = 17.0.31903.59
MinimumVisualStudioVersion = 10.0.40219.1
Project("{FAE04EC0-301F-11D3-BF4B-00C04F79EFBC}") = "minimal-api", "Api\minimal-api.csproj", "{8697DA03-9FA1-4F9C-9397-9E4710B1AB2C}"
EndProject
Project("{FAE04EC0-301F-11D3-BF4B-00C04F79EFBC}") = "Test", "Test\Test.csproj", "{758E3C39-4797-4D64-91B8-D22FE2AC68D2}"
EndProject
Global
	GlobalSection(SolutionConfigurationPlatforms) = preSolution
		Debug|Any CPU = Debug|Any CPU
		Release|Any CPU = Release|Any CPU
	EndGlobalSection
	GlobalSection(SolutionProperties) = preSolution
		HideSolutionNode = FALSE
	EndGlobalSection
	GlobalSection(ProjectConfigurationPlatforms) = postSolution
		{8697DA03-9FA1-4F9C-9397-9E4710B1AB2C}.Debug|Any CPU.ActiveCfg = Debug|Any CPU
		{8697DA03-9FA1-4F9C-9397-9E4710B1AB2C}.Debug|Any CPU.Build.0 = Debug|Any CPU
		{8697DA03-9FA1-4F9C-9397-9E4710B1AB2C}.Release|Any CPU.ActiveCfg = Release|Any CPU
		{8697DA03-9FA1-4F9C-9397-9E4710B1AB2C}.Release|Any CPU.Build.0 = Release|Any CPU
		{758E3C39-4797-4D64-91B8-D22FE2AC68D2}.Debug|Any CPU.ActiveCfg = Debug|Any CPU
		{758E3C39-4797-4D64-91B8-D22FE2AC68D2}.Debug|Any CPU.Build.0 = Debug|Any CPU
		{758E3C39-4797-4D64-91B8-D22FE2AC68D2}.Release|Any CPU.ActiveCfg = Release|Any CPU
		{758E3C39-4797-4D64-91B8-D22FE2AC68D2}.Release|Any CPU.Build.0 = Release|Any CPU
	EndGlobalSection
EndGlobal
